
Microsoft Visual Studio Solution File, Format Version 12.00
# Visual Studio Version 17
VisualStudioVersion = 17.4.33213.308
MinimumVisualStudioVersion = 10.0.40219.1
Project("{FAE04EC0-301F-11D3-BF4B-00C04F79EFBC}") = "EphemSharp", "EphemSharp.csproj", "{7348A4BB-039E-4DD9-9532-C4F77960ED9C}"
EndProject
Project("{FAE04EC0-301F-11D3-BF4B-00C04F79EFBC}") = "TestEphem", "..\TestEphem\TestEphem.csproj", "{F91391DD-23EE-4A59-9884-F602B8519FC0}"
EndProject
Global
	GlobalSection(SolutionConfigurationPlatforms) = preSolution
		Debug|Any CPU = Debug|Any CPU
		Release|Any CPU = Release|Any CPU
	EndGlobalSection
	GlobalSection(ProjectConfigurationPlatforms) = postSolution
		{7348A4BB-039E-4DD9-9532-C4F77960ED9C}.Debug|Any CPU.ActiveCfg = Debug|Any CPU
		{7348A4BB-039E-4DD9-9532-C4F77960ED9C}.Debug|Any CPU.Build.0 = Debug|Any CPU
		{7348A4BB-039E-4DD9-9532-C4F77960ED9C}.Release|Any CPU.ActiveCfg = Release|Any CPU
		{7348A4BB-039E-4DD9-9532-C4F77960ED9C}.Release|Any CPU.Build.0 = Release|Any CPU
		{F91391DD-23EE-4A59-9884-F602B8519FC0}.Debug|Any CPU.ActiveCfg = Debug|Any CPU
		{F91391DD-23EE-4A59-9884-F602B8519FC0}.Debug|Any CPU.Build.0 = Debug|Any CPU
		{F91391DD-23EE-4A59-9884-F602B8519FC0}.Release|Any CPU.ActiveCfg = Release|Any CPU
		{F91391DD-23EE-4A59-9884-F602B8519FC0}.Release|Any CPU.Build.0 = Release|Any CPU
	EndGlobalSection
	GlobalSection(SolutionProperties) = preSolution
		HideSolutionNode = FALSE
	EndGlobalSection
	GlobalSection(ExtensibilityGlobals) = postSolution
		SolutionGuid = {6CEC59E0-8BC1-42F6-B843-9CAC8B406023}
	EndGlobalSection
EndGlobal
